
Microsoft Visual Studio Solution File, Format Version 12.00
# Visual Studio Version 17
VisualStudioVersion = 17.2.32602.215
MinimumVisualStudioVersion = 10.0.40219.1
Project("{FAE04EC0-301F-11D3-BF4B-00C04F79EFBC}") = "COM Excel", "COM Excel\COM Excel.csproj", "{30FDE7B4-7D49-444A-AB20-C49B768F6B54}"
EndProject
Global
	GlobalSection(SolutionConfigurationPlatforms) = preSolution
		Debug|Any CPU = Debug|Any CPU
		Release|Any CPU = Release|Any CPU
	EndGlobalSection
	GlobalSection(ProjectConfigurationPlatforms) = postSolution
		{30FDE7B4-7D49-444A-AB20-C49B768F6B54}.Debug|Any CPU.ActiveCfg = Debug|Any CPU
		{30FDE7B4-7D49-444A-AB20-C49B768F6B54}.Debug|Any CPU.Build.0 = Debug|Any CPU
		{30FDE7B4-7D49-444A-AB20-C49B768F6B54}.Release|Any CPU.ActiveCfg = Release|Any CPU
		{30FDE7B4-7D49-444A-AB20-C49B768F6B54}.Release|Any CPU.Build.0 = Release|Any CPU
	EndGlobalSection
	GlobalSection(SolutionProperties) = preSolution
		HideSolutionNode = FALSE
	EndGlobalSection
	GlobalSection(ExtensibilityGlobals) = postSolution
		SolutionGuid = {5F32B08D-7F75-41D1-B725-B776C3CC5572}
	EndGlobalSection
EndGlobal
